
Microsoft Visual Studio Solution File, Format Version 12.00
# Visual Studio Version 17
VisualStudioVersion = 17.5.33627.172
MinimumVisualStudioVersion = 10.0.40219.1
Project("{FAE04EC0-301F-11D3-BF4B-00C04F79EFBC}") = "BigBangReact2", "BigBangReact2.csproj", "{7FF49274-1E6A-4017-BC96-C8749E004237}"
EndProject
Global
	GlobalSection(SolutionConfigurationPlatforms) = preSolution
		Debug|Any CPU = Debug|Any CPU
		Release|Any CPU = Release|Any CPU
	EndGlobalSection
	GlobalSection(ProjectConfigurationPlatforms) = postSolution
		{7FF49274-1E6A-4017-BC96-C8749E004237}.Debug|Any CPU.ActiveCfg = Debug|Any CPU
		{7FF49274-1E6A-4017-BC96-C8749E004237}.Debug|Any CPU.Build.0 = Debug|Any CPU
		{7FF49274-1E6A-4017-BC96-C8749E004237}.Release|Any CPU.ActiveCfg = Release|Any CPU
		{7FF49274-1E6A-4017-BC96-C8749E004237}.Release|Any CPU.Build.0 = Release|Any CPU
	EndGlobalSection
	GlobalSection(SolutionProperties) = preSolution
		HideSolutionNode = FALSE
	EndGlobalSection
	GlobalSection(ExtensibilityGlobals) = postSolution
		SolutionGuid = {281A13CD-0F30-47B0-B2E4-2F5952A29392}
	EndGlobalSection
EndGlobal
